
Microsoft Visual Studio Solution File, Format Version 12.00
# Visual Studio Version 17
VisualStudioVersion = 17.10.35013.160
MinimumVisualStudioVersion = 10.0.40219.1
Project("{FAE04EC0-301F-11D3-BF4B-00C04F79EFBC}") = "WebClient", "WebClient\WebClient.csproj", "{395DCA93-BEBB-4C6F-A94B-5A31091BE4FD}"
EndProject
Project("{FAE04EC0-301F-11D3-BF4B-00C04F79EFBC}") = "CallAPI", "CallAPI\CallAPI.csproj", "{2DB7CE72-0270-4FD4-A9C3-329726CA3CD2}"
EndProject
Global
	GlobalSection(SolutionConfigurationPlatforms) = preSolution
		Debug|Any CPU = Debug|Any CPU
		Release|Any CPU = Release|Any CPU
	EndGlobalSection
	GlobalSection(ProjectConfigurationPlatforms) = postSolution
		{395DCA93-BEBB-4C6F-A94B-5A31091BE4FD}.Debug|Any CPU.ActiveCfg = Debug|Any CPU
		{395DCA93-BEBB-4C6F-A94B-5A31091BE4FD}.Debug|Any CPU.Build.0 = Debug|Any CPU
		{395DCA93-BEBB-4C6F-A94B-5A31091BE4FD}.Release|Any CPU.ActiveCfg = Release|Any CPU
		{395DCA93-BEBB-4C6F-A94B-5A31091BE4FD}.Release|Any CPU.Build.0 = Release|Any CPU
		{2DB7CE72-0270-4FD4-A9C3-329726CA3CD2}.Debug|Any CPU.ActiveCfg = Debug|Any CPU
		{2DB7CE72-0270-4FD4-A9C3-329726CA3CD2}.Debug|Any CPU.Build.0 = Debug|Any CPU
		{2DB7CE72-0270-4FD4-A9C3-329726CA3CD2}.Release|Any CPU.ActiveCfg = Release|Any CPU
		{2DB7CE72-0270-4FD4-A9C3-329726CA3CD2}.Release|Any CPU.Build.0 = Release|Any CPU
	EndGlobalSection
	GlobalSection(SolutionProperties) = preSolution
		HideSolutionNode = FALSE
	EndGlobalSection
	GlobalSection(ExtensibilityGlobals) = postSolution
		SolutionGuid = {FB8B8884-BBA9-4C6D-B912-95BDD05F2A14}
	EndGlobalSection
EndGlobal
